
Microsoft Visual Studio Solution File, Format Version 12.00
# Visual Studio 2012
Project("{FAE04EC0-301F-11D3-BF4B-00C04F79EFBC}") = "TwoFourTree", "TwoFourTree\TwoFourTree.csproj", "{0CB00F38-3EAB-462B-835F-C145CF52104E}"
EndProject
Global
	GlobalSection(SolutionConfigurationPlatforms) = preSolution
		Debug|Any CPU = Debug|Any CPU
		Release|Any CPU = Release|Any CPU
	EndGlobalSection
	GlobalSection(ProjectConfigurationPlatforms) = postSolution
		{0CB00F38-3EAB-462B-835F-C145CF52104E}.Debug|Any CPU.ActiveCfg = Debug|Any CPU
		{0CB00F38-3EAB-462B-835F-C145CF52104E}.Debug|Any CPU.Build.0 = Debug|Any CPU
		{0CB00F38-3EAB-462B-835F-C145CF52104E}.Release|Any CPU.ActiveCfg = Release|Any CPU
		{0CB00F38-3EAB-462B-835F-C145CF52104E}.Release|Any CPU.Build.0 = Release|Any CPU
	EndGlobalSection
	GlobalSection(SolutionProperties) = preSolution
		HideSolutionNode = FALSE
	EndGlobalSection
EndGlobal
